
Microsoft Visual Studio Solution File, Format Version 12.00
Project("{FAE04EC0-301F-11D3-BF4B-00C04F79EFBC}") = "STUDY.OOP.LibraryManagementSystem", "STUDY.OOP.LibraryManagementSystem\STUDY.OOP.LibraryManagementSystem.csproj", "{04ADEA7F-B498-4834-A9D2-81CAD15412F0}"
EndProject
Global
	GlobalSection(SolutionConfigurationPlatforms) = preSolution
		Debug|Any CPU = Debug|Any CPU
		Release|Any CPU = Release|Any CPU
	EndGlobalSection
	GlobalSection(ProjectConfigurationPlatforms) = postSolution
		{04ADEA7F-B498-4834-A9D2-81CAD15412F0}.Debug|Any CPU.ActiveCfg = Debug|Any CPU
		{04ADEA7F-B498-4834-A9D2-81CAD15412F0}.Debug|Any CPU.Build.0 = Debug|Any CPU
		{04ADEA7F-B498-4834-A9D2-81CAD15412F0}.Release|Any CPU.ActiveCfg = Release|Any CPU
		{04ADEA7F-B498-4834-A9D2-81CAD15412F0}.Release|Any CPU.Build.0 = Release|Any CPU
	EndGlobalSection
EndGlobal
